{
  "name": "yvex-terminal-flow-observer",
  "lockfileVersion": 3,
  "requires": true,
  "packages": {
    "": {
      "name": "yvex-terminal-flow-observer",
      "dependencies": { "@xterm/headless": "5.5.0" },
      "engines": { "node": "22.x" }
    },
    "node_modules/@xterm/headless": {
      "version": "5.5.0",
      "resolved": "https://registry.npmjs.org/@xterm/headless/-/headless-5.5.0.tgz",
      "integrity": "sha512-5xXB7kdQlFBP82ViMJTwwEc3gKCLGKR/eoxQm4zge7GPBl86tCdI0IdPJjoKd8mUSFXz5V7i/25sfsEkP4j46g==",
      "license": "MIT"
    }
  }
}
